
Microsoft Visual Studio Solution File, Format Version 12.00
# Visual Studio 15
VisualStudioVersion = 15.0.28307.852
MinimumVisualStudioVersion = 10.0.40219.1
Project("{FAE04EC0-301F-11D3-BF4B-00C04F79EFBC}") = "SendAndReceiveSMS.Android", "SendAndReceiveSMS\SendAndReceiveSMS.Android\SendAndReceiveSMS.Android.csproj", "{53C54B61-C162-41CC-8296-B9EE31D7A604}"
EndProject
Project("{FAE04EC0-301F-11D3-BF4B-00C04F79EFBC}") = "SendAndReceiveSMS.iOS", "SendAndReceiveSMS\SendAndReceiveSMS.iOS\SendAndReceiveSMS.iOS.csproj", "{B706B5EB-1A30-44E5-B51C-721269D11FB8}"
EndProject
Project("{FAE04EC0-301F-11D3-BF4B-00C04F79EFBC}") = "SendAndReceiveSMS", "SendAndReceiveSMS\SendAndReceiveSMS\SendAndReceiveSMS.csproj", "{9A49372C-1FEC-41F6-A386-0A7002130655}"
EndProject
Global
	GlobalSection(SolutionConfigurationPlatforms) = preSolution
		Ad-Hoc|Any CPU = Ad-Hoc|Any CPU
		Ad-Hoc|iPhone = Ad-Hoc|iPhone
		Ad-Hoc|iPhoneSimulator = Ad-Hoc|iPhoneSimulator
		AppStore|Any CPU = AppStore|Any CPU
		AppStore|iPhone = AppStore|iPhone
		AppStore|iPhoneSimulator = AppStore|iPhoneSimulator
		Debug|Any CPU = Debug|Any CPU
		Debug|iPhone = Debug|iPhone
		Debug|iPhoneSimulator = Debug|iPhoneSimulator
		Release|Any CPU = Release|Any CPU
		Release|iPhone = Release|iPhone
		Release|iPhoneSimulator = Release|iPhoneSimulator
	EndGlobalSection
	GlobalSection(ProjectConfigurationPlatforms) = postSolution
		{53C54B61-C162-41CC-8296-B9EE31D7A604}.Ad-Hoc|Any CPU.ActiveCfg = Release|Any CPU
		{53C54B61-C162-41CC-8296-B9EE31D7A604}.Ad-Hoc|Any CPU.Build.0 = Release|Any CPU
		{53C54B61-C162-41CC-8296-B9EE31D7A604}.Ad-Hoc|Any CPU.Deploy.0 = Release|Any CPU
		{53C54B61-C162-41CC-8296-B9EE31D7A604}.Ad-Hoc|iPhone.ActiveCfg = Release|Any CPU
		{53C54B61-C162-41CC-8296-B9EE31D7A604}.Ad-Hoc|iPhone.Build.0 = Release|Any CPU
		{53C54B61-C162-41CC-8296-B9EE31D7A604}.Ad-Hoc|iPhone.Deploy.0 = Release|Any CPU
		{53C54B61-C162-41CC-8296-B9EE31D7A604}.Ad-Hoc|iPhoneSimulator.ActiveCfg = Release|Any CPU
		{53C54B61-C162-41CC-8296-B9EE31D7A604}.Ad-Hoc|iPhoneSimulator.Build.0 = Release|Any CPU
		{53C54B61-C162-41CC-8296-B9EE31D7A604}.Ad-Hoc|iPhoneSimulator.Deploy.0 = Release|Any CPU
		{53C54B61-C162-41CC-8296-B9EE31D7A604}.AppStore|Any CPU.ActiveCfg = Release|Any CPU
		{53C54B61-C162-41CC-8296-B9EE31D7A604}.AppStore|Any CPU.Build.0 = Release|Any CPU
		{53C54B61-C162-41CC-8296-B9EE31D7A604}.AppStore|Any CPU.Deploy.0 = Release|Any CPU
		{53C54B61-C162-41CC-8296-B9EE31D7A604}.AppStore|iPhone.ActiveCfg = Release|Any CPU
		{53C54B61-C162-41CC-8296-B9EE31D7A604}.AppStore|iPhone.Build.0 = Release|Any CPU
		{53C54B61-C162-41CC-8296-B9EE31D7A604}.AppStore|iPhone.Deploy.0 = Release|Any CPU
		{53C54B61-C162-41CC-8296-B9EE31D7A604}.AppStore|iPhoneSimulator.ActiveCfg = Release|Any CPU
		{53C54B61-C162-41CC-8296-B9EE31D7A604}.AppStore|iPhoneSimulator.Build.0 = Release|Any CPU
		{53C54B61-C162-41CC-8296-B9EE31D7A604}.AppStore|iPhoneSimulator.Deploy.0 = Release|Any CPU
		{53C54B61-C162-41CC-8296-B9EE31D7A604}.Debug|Any CPU.ActiveCfg = Debug|Any CPU
		{53C54B61-C162-41CC-8296-B9EE31D7A604}.Debug|Any CPU.Build.0 = Debug|Any CPU
		{53C54B61-C162-41CC-8296-B9EE31D7A604}.Debug|Any CPU.Deploy.0 = Debug|Any CPU
		{53C54B61-C162-41CC-8296-B9EE31D7A604}.Debug|iPhone.ActiveCfg = Debug|Any CPU
		{53C54B61-C162-41CC-8296-B9EE31D7A604}.Debug|iPhone.Build.0 = Debug|Any CPU
		{53C54B61-C162-41CC-8296-B9EE31D7A604}.Debug|iPhone.Deploy.0 = Debug|Any CPU
		{53C54B61-C162-41CC-8296-B9EE31D7A604}.Debug|iPhoneSimulator.ActiveCfg = Debug|Any CPU
		{53C54B61-C162-41CC-8296-B9EE31D7A604}.Debug|iPhoneSimulator.Build.0 = Debug|Any CPU
		{53C54B61-C162-41CC-8296-B9EE31D7A604}.Debug|iPhoneSimulator.Deploy.0 = Debug|Any CPU
		{53C54B61-C162-41CC-8296-B9EE31D7A604}.Release|Any CPU.ActiveCfg = Release|Any CPU
		{53C54B61-C162-41CC-8296-B9EE31D7A604}.Release|Any CPU.Build.0 = Release|Any CPU
		{53C54B61-C162-41CC-8296-B9EE31D7A604}.Release|Any CPU.Deploy.0 = Release|Any CPU
		{53C54B61-C162-41CC-8296-B9EE31D7A604}.Release|iPhone.ActiveCfg = Release|Any CPU
		{53C54B61-C162-41CC-8296-B9EE31D7A604}.Release|iPhone.Build.0 = Release|Any CPU
		{53C54B61-C162-41CC-8296-B9EE31D7A604}.Release|iPhone.Deploy.0 = Release|Any CPU
		{53C54B61-C162-41CC-8296-B9EE31D7A604}.Release|iPhoneSimulator.ActiveCfg = Release|Any CPU
		{53C54B61-C162-41CC-8296-B9EE31D7A604}.Release|iPhoneSimulator.Build.0 = Release|Any CPU
		{53C54B61-C162-41CC-8296-B9EE31D7A604}.Release|iPhoneSimulator.Deploy.0 = Release|Any CPU
		{B706B5EB-1A30-44E5-B51C-721269D11FB8}.Ad-Hoc|Any CPU.ActiveCfg = Ad-Hoc|iPhone
		{B706B5EB-1A30-44E5-B51C-721269D11FB8}.Ad-Hoc|Any CPU.Build.0 = Ad-Hoc|iPhone
		{B706B5EB-1A30-44E5-B51C-721269D11FB8}.Ad-Hoc|Any CPU.Deploy.0 = Ad-Hoc|iPhone
		{B706B5EB-1A30-44E5-B51C-721269D11FB8}.Ad-Hoc|iPhone.ActiveCfg = Ad-Hoc|iPhone
		{B706B5EB-1A30-44E5-B51C-721269D11FB8}.Ad-Hoc|iPhone.Build.0 = Ad-Hoc|iPhone
		{B706B5EB-1A30-44E5-B51C-721269D11FB8}.Ad-Hoc|iPhone.Deploy.0 = Ad-Hoc|iPhone
		{B706B5EB-1A30-44E5-B51C-721269D11FB8}.Ad-Hoc|iPhoneSimulator.ActiveCfg = Ad-Hoc|iPhoneSimulator
		{B706B5EB-1A30-44E5-B51C-721269D11FB8}.Ad-Hoc|iPhoneSimulator.Build.0 = Ad-Hoc|iPhoneSimulator
		{B706B5EB-1A30-44E5-B51C-721269D11FB8}.Ad-Hoc|iPhoneSimulator.Deploy.0 = Ad-Hoc|iPhoneSimulator
		{B706B5EB-1A30-44E5-B51C-721269D11FB8}.AppStore|Any CPU.ActiveCfg = AppStore|iPhone
		{B706B5EB-1A30-44E5-B51C-721269D11FB8}.AppStore|Any CPU.Build.0 = AppStore|iPhone
		{B706B5EB-1A30-44E5-B51C-721269D11FB8}.AppStore|Any CPU.Deploy.0 = AppStore|iPhone
		{B706B5EB-1A30-44E5-B51C-721269D11FB8}.AppStore|iPhone.ActiveCfg = AppStore|iPhone
		{B706B5EB-1A30-44E5-B51C-721269D11FB8}.AppStore|iPhone.Build.0 = AppStore|iPhone
		{B706B5EB-1A30-44E5-B51C-721269D11FB8}.AppStore|iPhone.Deploy.0 = AppStore|iPhone
		{B706B5EB-1A30-44E5-B51C-721269D11FB8}.AppStore|iPhoneSimulator.ActiveCfg = AppStore|iPhoneSimulator
		{B706B5EB-1A30-44E5-B51C-721269D11FB8}.AppStore|iPhoneSimulator.Build.0 = AppStore|iPhoneSimulator
		{B706B5EB-1A30-44E5-B51C-721269D11FB8}.AppStore|iPhoneSimulator.Deploy.0 = AppStore|iPhoneSimulator
		{B706B5EB-1A30-44E5-B51C-721269D11FB8}.Debug|Any CPU.ActiveCfg = Debug|iPhoneSimulator
		{B706B5EB-1A30-44E5-B51C-721269D11FB8}.Debug|Any CPU.Build.0 = Debug|iPhoneSimulator
		{B706B5EB-1A30-44E5-B51C-721269D11FB8}.Debug|Any CPU.Deploy.0 = Debug|iPhoneSimulator
		{B706B5EB-1A30-44E5-B51C-721269D11FB8}.Debug|iPhone.ActiveCfg = Debug|iPhone
		{B706B5EB-1A30-44E5-B51C-721269D11FB8}.Debug|iPhone.Build.0 = Debug|iPhone
		{B706B5EB-1A30-44E5-B51C-721269D11FB8}.Debug|iPhone.Deploy.0 = Debug|iPhone
		{B706B5EB-1A30-44E5-B51C-721269D11FB8}.Debug|iPhoneSimulator.ActiveCfg = Debug|iPhoneSimulator
		{B706B5EB-1A30-44E5-B51C-721269D11FB8}.Debug|iPhoneSimulator.Build.0 = Debug|iPhoneSimulator
		{B706B5EB-1A30-44E5-B51C-721269D11FB8}.Debug|iPhoneSimulator.Deploy.0 = Debug|iPhoneSimulator
		{B706B5EB-1A30-44E5-B51C-721269D11FB8}.Release|Any CPU.ActiveCfg = Release|iPhone
		{B706B5EB-1A30-44E5-B51C-721269D11FB8}.Release|Any CPU.Build.0 = Release|iPhone
		{B706B5EB-1A30-44E5-B51C-721269D11FB8}.Release|Any CPU.Deploy.0 = Release|iPhone
		{B706B5EB-1A30-44E5-B51C-721269D11FB8}.Release|iPhone.ActiveCfg = Release|iPhone
		{B706B5EB-1A30-44E5-B51C-721269D11FB8}.Release|iPhone.Build.0 = Release|iPhone
		{B706B5EB-1A30-44E5-B51C-721269D11FB8}.Release|iPhone.Deploy.0 = Release|iPhone
		{B706B5EB-1A30-44E5-B51C-721269D11FB8}.Release|iPhoneSimulator.ActiveCfg = Release|iPhoneSimulator
		{B706B5EB-1A30-44E5-B51C-721269D11FB8}.Release|iPhoneSimulator.Build.0 = Release|iPhoneSimulator
		{B706B5EB-1A30-44E5-B51C-721269D11FB8}.Release|iPhoneSimulator.Deploy.0 = Release|iPhoneSimulator
		{9A49372C-1FEC-41F6-A386-0A7002130655}.Ad-Hoc|Any CPU.ActiveCfg = Debug|Any CPU
		{9A49372C-1FEC-41F6-A386-0A7002130655}.Ad-Hoc|Any CPU.Build.0 = Debug|Any CPU
		{9A49372C-1FEC-41F6-A386-0A7002130655}.Ad-Hoc|Any CPU.Deploy.0 = Debug|Any CPU
		{9A49372C-1FEC-41F6-A386-0A7002130655}.Ad-Hoc|iPhone.ActiveCfg = Debug|Any CPU
		{9A49372C-1FEC-41F6-A386-0A7002130655}.Ad-Hoc|iPhone.Build.0 = Debug|Any CPU
		{9A49372C-1FEC-41F6-A386-0A7002130655}.Ad-Hoc|iPhone.Deploy.0 = Debug|Any CPU
		{9A49372C-1FEC-41F6-A386-0A7002130655}.Ad-Hoc|iPhoneSimulator.ActiveCfg = Debug|Any CPU
		{9A49372C-1FEC-41F6-A386-0A7002130655}.Ad-Hoc|iPhoneSimulator.Build.0 = Debug|Any CPU
		{9A49372C-1FEC-41F6-A386-0A7002130655}.Ad-Hoc|iPhoneSimulator.Deploy.0 = Debug|Any CPU
		{9A49372C-1FEC-41F6-A386-0A7002130655}.AppStore|Any CPU.ActiveCfg = Debug|Any CPU
		{9A49372C-1FEC-41F6-A386-0A7002130655}.AppStore|Any CPU.Build.0 = Debug|Any CPU
		{9A49372C-1FEC-41F6-A386-0A7002130655}.AppStore|Any CPU.Deploy.0 = Debug|Any CPU
		{9A49372C-1FEC-41F6-A386-0A7002130655}.AppStore|iPhone.ActiveCfg = Debug|Any CPU
		{9A49372C-1FEC-41F6-A386-0A7002130655}.AppStore|iPhone.Build.0 = Debug|Any CPU
		{9A49372C-1FEC-41F6-A386-0A7002130655}.AppStore|iPhone.Deploy.0 = Debug|Any CPU
		{9A49372C-1FEC-41F6-A386-0A7002130655}.AppStore|iPhoneSimulator.ActiveCfg = Debug|Any CPU
		{9A49372C-1FEC-41F6-A386-0A7002130655}.AppStore|iPhoneSimulator.Build.0 = Debug|Any CPU
		{9A49372C-1FEC-41F6-A386-0A7002130655}.AppStore|iPhoneSimulator.Deploy.0 = Debug|Any CPU
		{9A49372C-1FEC-41F6-A386-0A7002130655}.Debug|Any CPU.ActiveCfg = Debug|Any CPU
		{9A49372C-1FEC-41F6-A386-0A7002130655}.Debug|Any CPU.Build.0 = Debug|Any CPU
		{9A49372C-1FEC-41F6-A386-0A7002130655}.Debug|Any CPU.Deploy.0 = Debug|Any CPU
		{9A49372C-1FEC-41F6-A386-0A7002130655}.Debug|iPhone.ActiveCfg = Debug|Any CPU
		{9A49372C-1FEC-41F6-A386-0A7002130655}.Debug|iPhone.Build.0 = Debug|Any CPU
		{9A49372C-1FEC-41F6-A386-0A7002130655}.Debug|iPhone.Deploy.0 = Debug|Any CPU
		{9A49372C-1FEC-41F6-A386-0A7002130655}.Debug|iPhoneSimulator.ActiveCfg = Debug|Any CPU
		{9A49372C-1FEC-41F6-A386-0A7002130655}.Debug|iPhoneSimulator.Build.0 = Debug|Any CPU
		{9A49372C-1FEC-41F6-A386-0A7002130655}.Debug|iPhoneSimulator.Deploy.0 = Debug|Any CPU
		{9A49372C-1FEC-41F6-A386-0A7002130655}.Release|Any CPU.ActiveCfg = Release|Any CPU
		{9A49372C-1FEC-41F6-A386-0A7002130655}.Release|Any CPU.Build.0 = Release|Any CPU
		{9A49372C-1FEC-41F6-A386-0A7002130655}.Release|Any CPU.Deploy.0 = Release|Any CPU
		{9A49372C-1FEC-41F6-A386-0A7002130655}.Release|iPhone.ActiveCfg = Release|Any CPU
		{9A49372C-1FEC-41F6-A386-0A7002130655}.Release|iPhone.Build.0 = Release|Any CPU
		{9A49372C-1FEC-41F6-A386-0A7002130655}.Release|iPhone.Deploy.0 = Release|Any CPU
		{9A49372C-1FEC-41F6-A386-0A7002130655}.Release|iPhoneSimulator.ActiveCfg = Release|Any CPU
		{9A49372C-1FEC-41F6-A386-0A7002130655}.Release|iPhoneSimulator.Build.0 = Release|Any CPU
		{9A49372C-1FEC-41F6-A386-0A7002130655}.Release|iPhoneSimulator.Deploy.0 = Release|Any CPU
	EndGlobalSection
	GlobalSection(SolutionProperties) = preSolution
		HideSolutionNode = FALSE
	EndGlobalSection
	GlobalSection(ExtensibilityGlobals) = postSolution
		SolutionGuid = {29837DB7-FE87-41F5-9BF4-6A23C3989E8E}
	EndGlobalSection
EndGlobal
